
Microsoft Visual Studio Solution File, Format Version 12.00
# Visual Studio Version 17
VisualStudioVersion = 17.0.31903.59
MinimumVisualStudioVersion = 10.0.40219.1
Project("{2150E333-8FDC-42A3-9474-1A3956D46DE8}") = "src", "src", "{827E0CD3-B72D-47B6-A68D-7590B98EB39B}"
EndProject
Project("{FAE04EC0-301F-11D3-BF4B-00C04F79EFBC}") = "VirtualMarina.Core", "src\VirtualMarina.Core\VirtualMarina.Core.csproj", "{EE3C8184-F2FC-4891-AC7C-11311868DEDC}"
EndProject
Project("{FAE04EC0-301F-11D3-BF4B-00C04F79EFBC}") = "VirtualMarina.Rendering.OpenGL", "src\VirtualMarina.Rendering.OpenGL\VirtualMarina.Rendering.OpenGL.csproj", "{495806F1-A3AA-47EA-BBBF-1B51383CE8C9}"
EndProject
Project("{FAE04EC0-301F-11D3-BF4B-00C04F79EFBC}") = "VirtualMarina.WinForms", "src\VirtualMarina.WinForms\VirtualMarina.WinForms.csproj", "{9F9EFC69-E229-4280-864F-4C6027E6FBE3}"
EndProject
Project("{FAE04EC0-301F-11D3-BF4B-00C04F79EFBC}") = "VirtualMarina.Blazor", "src\VirtualMarina.Blazor\VirtualMarina.Blazor.csproj", "{CE9AB009-A453-4A78-97DC-645292BADE36}"
EndProject
Project("{2150E333-8FDC-42A3-9474-1A3956D46DE8}") = "samples", "samples", "{5D20AA90-6969-D8BD-9DCD-8634F4692FDA}"
EndProject
Project("{FAE04EC0-301F-11D3-BF4B-00C04F79EFBC}") = "VirtualMarina.SampleData", "samples\VirtualMarina.SampleData\VirtualMarina.SampleData.csproj", "{FCE07B7B-3678-4EAA-8915-A00BB0790670}"
EndProject
Project("{FAE04EC0-301F-11D3-BF4B-00C04F79EFBC}") = "VirtualMarina.TestHost.WinForms", "samples\VirtualMarina.TestHost.WinForms\VirtualMarina.TestHost.WinForms.csproj", "{464CCDD1-30A2-43C6-A057-02755A69A484}"
EndProject
Project("{FAE04EC0-301F-11D3-BF4B-00C04F79EFBC}") = "VirtualMarina.TestHost.Blazor", "samples\VirtualMarina.TestHost.Blazor\VirtualMarina.TestHost.Blazor.csproj", "{8A8CBA43-77EC-43FD-8777-0C54446C00F9}"
EndProject
Project("{2150E333-8FDC-42A3-9474-1A3956D46DE8}") = "tests", "tests", "{0AB3BF05-4346-4AA6-1389-037BE0695223}"
EndProject
Project("{FAE04EC0-301F-11D3-BF4B-00C04F79EFBC}") = "VirtualMarina.Core.Tests", "tests\VirtualMarina.Core.Tests\VirtualMarina.Core.Tests.csproj", "{BE2552B1-B2F1-4E7C-92E4-00FE78A92794}"
EndProject
Project("{FAE04EC0-301F-11D3-BF4B-00C04F79EFBC}") = "VirtualMarina.WinForms.Tests", "tests\VirtualMarina.WinForms.Tests\VirtualMarina.WinForms.Tests.csproj", "{5C7F44B0-45BD-49C3-BA4D-65CE5E95CCF6}"
EndProject
Project("{2150E333-8FDC-42A3-9474-1A3956D46DE8}") = "apps", "apps", "{1787FE1D-075E-9E68-7218-25F1BD1BBEAB}"
EndProject
Project("{FAE04EC0-301F-11D3-BF4B-00C04F79EFBC}") = "VirtualMarina.Designer", "apps\VirtualMarina.Designer\VirtualMarina.Designer.csproj", "{D1562A93-83A0-4DF0-A21B-F981B87D59F9}"
EndProject
Global
	GlobalSection(SolutionConfigurationPlatforms) = preSolution
		Debug|Any CPU = Debug|Any CPU
		Debug|x64 = Debug|x64
		Debug|x86 = Debug|x86
		Release|Any CPU = Release|Any CPU
		Release|x64 = Release|x64
		Release|x86 = Release|x86
	EndGlobalSection
	GlobalSection(ProjectConfigurationPlatforms) = postSolution
		{EE3C8184-F2FC-4891-AC7C-11311868DEDC}.Debug|Any CPU.ActiveCfg = Debug|Any CPU
		{EE3C8184-F2FC-4891-AC7C-11311868DEDC}.Debug|Any CPU.Build.0 = Debug|Any CPU
		{EE3C8184-F2FC-4891-AC7C-11311868DEDC}.Debug|x64.ActiveCfg = Debug|Any CPU
		{EE3C8184-F2FC-4891-AC7C-11311868DEDC}.Debug|x64.Build.0 = Debug|Any CPU
		{EE3C8184-F2FC-4891-AC7C-11311868DEDC}.Debug|x86.ActiveCfg = Debug|Any CPU
		{EE3C8184-F2FC-4891-AC7C-11311868DEDC}.Debug|x86.Build.0 = Debug|Any CPU
		{EE3C8184-F2FC-4891-AC7C-11311868DEDC}.Release|Any CPU.ActiveCfg = Release|Any CPU
		{EE3C8184-F2FC-4891-AC7C-11311868DEDC}.Release|Any CPU.Build.0 = Release|Any CPU
		{EE3C8184-F2FC-4891-AC7C-11311868DEDC}.Release|x64.ActiveCfg = Release|Any CPU
		{EE3C8184-F2FC-4891-AC7C-11311868DEDC}.Release|x64.Build.0 = Release|Any CPU
		{EE3C8184-F2FC-4891-AC7C-11311868DEDC}.Release|x86.ActiveCfg = Release|Any CPU
		{EE3C8184-F2FC-4891-AC7C-11311868DEDC}.Release|x86.Build.0 = Release|Any CPU
		{495806F1-A3AA-47EA-BBBF-1B51383CE8C9}.Debug|Any CPU.ActiveCfg = Debug|Any CPU
		{495806F1-A3AA-47EA-BBBF-1B51383CE8C9}.Debug|Any CPU.Build.0 = Debug|Any CPU
		{495806F1-A3AA-47EA-BBBF-1B51383CE8C9}.Debug|x64.ActiveCfg = Debug|Any CPU
		{495806F1-A3AA-47EA-BBBF-1B51383CE8C9}.Debug|x64.Build.0 = Debug|Any CPU
		{495806F1-A3AA-47EA-BBBF-1B51383CE8C9}.Debug|x86.ActiveCfg = Debug|Any CPU
		{495806F1-A3AA-47EA-BBBF-1B51383CE8C9}.Debug|x86.Build.0 = Debug|Any CPU
		{495806F1-A3AA-47EA-BBBF-1B51383CE8C9}.Release|Any CPU.ActiveCfg = Release|Any CPU
		{495806F1-A3AA-47EA-BBBF-1B51383CE8C9}.Release|Any CPU.Build.0 = Release|Any CPU
		{495806F1-A3AA-47EA-BBBF-1B51383CE8C9}.Release|x64.ActiveCfg = Release|Any CPU
		{495806F1-A3AA-47EA-BBBF-1B51383CE8C9}.Release|x64.Build.0 = Release|Any CPU
		{495806F1-A3AA-47EA-BBBF-1B51383CE8C9}.Release|x86.ActiveCfg = Release|Any CPU
		{495806F1-A3AA-47EA-BBBF-1B51383CE8C9}.Release|x86.Build.0 = Release|Any CPU
		{9F9EFC69-E229-4280-864F-4C6027E6FBE3}.Debug|Any CPU.ActiveCfg = Debug|Any CPU
		{9F9EFC69-E229-4280-864F-4C6027E6FBE3}.Debug|Any CPU.Build.0 = Debug|Any CPU
		{9F9EFC69-E229-4280-864F-4C6027E6FBE3}.Debug|x64.ActiveCfg = Debug|Any CPU
		{9F9EFC69-E229-4280-864F-4C6027E6FBE3}.Debug|x64.Build.0 = Debug|Any CPU
		{9F9EFC69-E229-4280-864F-4C6027E6FBE3}.Debug|x86.ActiveCfg = Debug|Any CPU
		{9F9EFC69-E229-4280-864F-4C6027E6FBE3}.Debug|x86.Build.0 = Debug|Any CPU
		{9F9EFC69-E229-4280-864F-4C6027E6FBE3}.Release|Any CPU.ActiveCfg = Release|Any CPU
		{9F9EFC69-E229-4280-864F-4C6027E6FBE3}.Release|Any CPU.Build.0 = Release|Any CPU
		{9F9EFC69-E229-4280-864F-4C6027E6FBE3}.Release|x64.ActiveCfg = Release|Any CPU
		{9F9EFC69-E229-4280-864F-4C6027E6FBE3}.Release|x64.Build.0 = Release|Any CPU
		{9F9EFC69-E229-4280-864F-4C6027E6FBE3}.Release|x86.ActiveCfg = Release|Any CPU
		{9F9EFC69-E229-4280-864F-4C6027E6FBE3}.Release|x86.Build.0 = Release|Any CPU
		{CE9AB009-A453-4A78-97DC-645292BADE36}.Debug|Any CPU.ActiveCfg = Debug|Any CPU
		{CE9AB009-A453-4A78-97DC-645292BADE36}.Debug|Any CPU.Build.0 = Debug|Any CPU
		{CE9AB009-A453-4A78-97DC-645292BADE36}.Debug|x64.ActiveCfg = Debug|Any CPU
		{CE9AB009-A453-4A78-97DC-645292BADE36}.Debug|x64.Build.0 = Debug|Any CPU
		{CE9AB009-A453-4A78-97DC-645292BADE36}.Debug|x86.ActiveCfg = Debug|Any CPU
		{CE9AB009-A453-4A78-97DC-645292BADE36}.Debug|x86.Build.0 = Debug|Any CPU
		{CE9AB009-A453-4A78-97DC-645292BADE36}.Release|Any CPU.ActiveCfg = Release|Any CPU
		{CE9AB009-A453-4A78-97DC-645292BADE36}.Release|Any CPU.Build.0 = Release|Any CPU
		{CE9AB009-A453-4A78-97DC-645292BADE36}.Release|x64.ActiveCfg = Release|Any CPU
		{CE9AB009-A453-4A78-97DC-645292BADE36}.Release|x64.Build.0 = Release|Any CPU
		{CE9AB009-A453-4A78-97DC-645292BADE36}.Release|x86.ActiveCfg = Release|Any CPU
		{CE9AB009-A453-4A78-97DC-645292BADE36}.Release|x86.Build.0 = Release|Any CPU
		{FCE07B7B-3678-4EAA-8915-A00BB0790670}.Debug|Any CPU.ActiveCfg = Debug|Any CPU
		{FCE07B7B-3678-4EAA-8915-A00BB0790670}.Debug|Any CPU.Build.0 = Debug|Any CPU
		{FCE07B7B-3678-4EAA-8915-A00BB0790670}.Debug|x64.ActiveCfg = Debug|Any CPU
		{FCE07B7B-3678-4EAA-8915-A00BB0790670}.Debug|x64.Build.0 = Debug|Any CPU
		{FCE07B7B-3678-4EAA-8915-A00BB0790670}.Debug|x86.ActiveCfg = Debug|Any CPU
		{FCE07B7B-3678-4EAA-8915-A00BB0790670}.Debug|x86.Build.0 = Debug|Any CPU
		{FCE07B7B-3678-4EAA-8915-A00BB0790670}.Release|Any CPU.ActiveCfg = Release|Any CPU
		{FCE07B7B-3678-4EAA-8915-A00BB0790670}.Release|Any CPU.Build.0 = Release|Any CPU
		{FCE07B7B-3678-4EAA-8915-A00BB0790670}.Release|x64.ActiveCfg = Release|Any CPU
		{FCE07B7B-3678-4EAA-8915-A00BB0790670}.Release|x64.Build.0 = Release|Any CPU
		{FCE07B7B-3678-4EAA-8915-A00BB0790670}.Release|x86.ActiveCfg = Release|Any CPU
		{FCE07B7B-3678-4EAA-8915-A00BB0790670}.Release|x86.Build.0 = Release|Any CPU
		{464CCDD1-30A2-43C6-A057-02755A69A484}.Debug|Any CPU.ActiveCfg = Debug|Any CPU
		{464CCDD1-30A2-43C6-A057-02755A69A484}.Debug|Any CPU.Build.0 = Debug|Any CPU
		{464CCDD1-30A2-43C6-A057-02755A69A484}.Debug|x64.ActiveCfg = Debug|Any CPU
		{464CCDD1-30A2-43C6-A057-02755A69A484}.Debug|x64.Build.0 = Debug|Any CPU
		{464CCDD1-30A2-43C6-A057-02755A69A484}.Debug|x86.ActiveCfg = Debug|Any CPU
		{464CCDD1-30A2-43C6-A057-02755A69A484}.Debug|x86.Build.0 = Debug|Any CPU
		{464CCDD1-30A2-43C6-A057-02755A69A484}.Release|Any CPU.ActiveCfg = Release|Any CPU
		{464CCDD1-30A2-43C6-A057-02755A69A484}.Release|Any CPU.Build.0 = Release|Any CPU
		{464CCDD1-30A2-43C6-A057-02755A69A484}.Release|x64.ActiveCfg = Release|Any CPU
		{464CCDD1-30A2-43C6-A057-02755A69A484}.Release|x64.Build.0 = Release|Any CPU
		{464CCDD1-30A2-43C6-A057-02755A69A484}.Release|x86.ActiveCfg = Release|Any CPU
		{464CCDD1-30A2-43C6-A057-02755A69A484}.Release|x86.Build.0 = Release|Any CPU
		{8A8CBA43-77EC-43FD-8777-0C54446C00F9}.Debug|Any CPU.ActiveCfg = Debug|Any CPU
		{8A8CBA43-77EC-43FD-8777-0C54446C00F9}.Debug|Any CPU.Build.0 = Debug|Any CPU
		{8A8CBA43-77EC-43FD-8777-0C54446C00F9}.Debug|x64.ActiveCfg = Debug|Any CPU
		{8A8CBA43-77EC-43FD-8777-0C54446C00F9}.Debug|x64.Build.0 = Debug|Any CPU
		{8A8CBA43-77EC-43FD-8777-0C54446C00F9}.Debug|x86.ActiveCfg = Debug|Any CPU
		{8A8CBA43-77EC-43FD-8777-0C54446C00F9}.Debug|x86.Build.0 = Debug|Any CPU
		{8A8CBA43-77EC-43FD-8777-0C54446C00F9}.Release|Any CPU.ActiveCfg = Release|Any CPU
		{8A8CBA43-77EC-43FD-8777-0C54446C00F9}.Release|Any CPU.Build.0 = Release|Any CPU
		{8A8CBA43-77EC-43FD-8777-0C54446C00F9}.Release|x64.ActiveCfg = Release|Any CPU
		{8A8CBA43-77EC-43FD-8777-0C54446C00F9}.Release|x64.Build.0 = Release|Any CPU
		{8A8CBA43-77EC-43FD-8777-0C54446C00F9}.Release|x86.ActiveCfg = Release|Any CPU
		{8A8CBA43-77EC-43FD-8777-0C54446C00F9}.Release|x86.Build.0 = Release|Any CPU
		{BE2552B1-B2F1-4E7C-92E4-00FE78A92794}.Debug|Any CPU.ActiveCfg = Debug|Any CPU
		{BE2552B1-B2F1-4E7C-92E4-00FE78A92794}.Debug|Any CPU.Build.0 = Debug|Any CPU
		{BE2552B1-B2F1-4E7C-92E4-00FE78A92794}.Debug|x64.ActiveCfg = Debug|Any CPU
		{BE2552B1-B2F1-4E7C-92E4-00FE78A92794}.Debug|x64.Build.0 = Debug|Any CPU
		{BE2552B1-B2F1-4E7C-92E4-00FE78A92794}.Debug|x86.ActiveCfg = Debug|Any CPU
		{BE2552B1-B2F1-4E7C-92E4-00FE78A92794}.Debug|x86.Build.0 = Debug|Any CPU
		{BE2552B1-B2F1-4E7C-92E4-00FE78A92794}.Release|Any CPU.ActiveCfg = Release|Any CPU
		{BE2552B1-B2F1-4E7C-92E4-00FE78A92794}.Release|Any CPU.Build.0 = Release|Any CPU
		{BE2552B1-B2F1-4E7C-92E4-00FE78A92794}.Release|x64.ActiveCfg = Release|Any CPU
		{BE2552B1-B2F1-4E7C-92E4-00FE78A92794}.Release|x64.Build.0 = Release|Any CPU
		{BE2552B1-B2F1-4E7C-92E4-00FE78A92794}.Release|x86.ActiveCfg = Release|Any CPU
		{BE2552B1-B2F1-4E7C-92E4-00FE78A92794}.Release|x86.Build.0 = Release|Any CPU
		{5C7F44B0-45BD-49C3-BA4D-65CE5E95CCF6}.Debug|Any CPU.ActiveCfg = Debug|Any CPU
		{5C7F44B0-45BD-49C3-BA4D-65CE5E95CCF6}.Debug|Any CPU.Build.0 = Debug|Any CPU
		{5C7F44B0-45BD-49C3-BA4D-65CE5E95CCF6}.Debug|x64.ActiveCfg = Debug|Any CPU
		{5C7F44B0-45BD-49C3-BA4D-65CE5E95CCF6}.Debug|x64.Build.0 = Debug|Any CPU
		{5C7F44B0-45BD-49C3-BA4D-65CE5E95CCF6}.Debug|x86.ActiveCfg = Debug|Any CPU
		{5C7F44B0-45BD-49C3-BA4D-65CE5E95CCF6}.Debug|x86.Build.0 = Debug|Any CPU
		{5C7F44B0-45BD-49C3-BA4D-65CE5E95CCF6}.Release|Any CPU.ActiveCfg = Release|Any CPU
		{5C7F44B0-45BD-49C3-BA4D-65CE5E95CCF6}.Release|Any CPU.Build.0 = Release|Any CPU
		{5C7F44B0-45BD-49C3-BA4D-65CE5E95CCF6}.Release|x64.ActiveCfg = Release|Any CPU
		{5C7F44B0-45BD-49C3-BA4D-65CE5E95CCF6}.Release|x64.Build.0 = Release|Any CPU
		{5C7F44B0-45BD-49C3-BA4D-65CE5E95CCF6}.Release|x86.ActiveCfg = Release|Any CPU
		{5C7F44B0-45BD-49C3-BA4D-65CE5E95CCF6}.Release|x86.Build.0 = Release|Any CPU
		{D1562A93-83A0-4DF0-A21B-F981B87D59F9}.Debug|Any CPU.ActiveCfg = Debug|Any CPU
		{D1562A93-83A0-4DF0-A21B-F981B87D59F9}.Debug|Any CPU.Build.0 = Debug|Any CPU
		{D1562A93-83A0-4DF0-A21B-F981B87D59F9}.Debug|x64.ActiveCfg = Debug|Any CPU
		{D1562A93-83A0-4DF0-A21B-F981B87D59F9}.Debug|x64.Build.0 = Debug|Any CPU
		{D1562A93-83A0-4DF0-A21B-F981B87D59F9}.Debug|x86.ActiveCfg = Debug|Any CPU
		{D1562A93-83A0-4DF0-A21B-F981B87D59F9}.Debug|x86.Build.0 = Debug|Any CPU
		{D1562A93-83A0-4DF0-A21B-F981B87D59F9}.Release|Any CPU.ActiveCfg = Release|Any CPU
		{D1562A93-83A0-4DF0-A21B-F981B87D59F9}.Release|Any CPU.Build.0 = Release|Any CPU
		{D1562A93-83A0-4DF0-A21B-F981B87D59F9}.Release|x64.ActiveCfg = Release|Any CPU
		{D1562A93-83A0-4DF0-A21B-F981B87D59F9}.Release|x64.Build.0 = Release|Any CPU
		{D1562A93-83A0-4DF0-A21B-F981B87D59F9}.Release|x86.ActiveCfg = Release|Any CPU
		{D1562A93-83A0-4DF0-A21B-F981B87D59F9}.Release|x86.Build.0 = Release|Any CPU
	EndGlobalSection
	GlobalSection(SolutionProperties) = preSolution
		HideSolutionNode = FALSE
	EndGlobalSection
	GlobalSection(NestedProjects) = preSolution
		{EE3C8184-F2FC-4891-AC7C-11311868DEDC} = {827E0CD3-B72D-47B6-A68D-7590B98EB39B}
		{495806F1-A3AA-47EA-BBBF-1B51383CE8C9} = {827E0CD3-B72D-47B6-A68D-7590B98EB39B}
		{9F9EFC69-E229-4280-864F-4C6027E6FBE3} = {827E0CD3-B72D-47B6-A68D-7590B98EB39B}
		{CE9AB009-A453-4A78-97DC-645292BADE36} = {827E0CD3-B72D-47B6-A68D-7590B98EB39B}
		{FCE07B7B-3678-4EAA-8915-A00BB0790670} = {5D20AA90-6969-D8BD-9DCD-8634F4692FDA}
		{464CCDD1-30A2-43C6-A057-02755A69A484} = {5D20AA90-6969-D8BD-9DCD-8634F4692FDA}
		{8A8CBA43-77EC-43FD-8777-0C54446C00F9} = {5D20AA90-6969-D8BD-9DCD-8634F4692FDA}
		{BE2552B1-B2F1-4E7C-92E4-00FE78A92794} = {0AB3BF05-4346-4AA6-1389-037BE0695223}
		{5C7F44B0-45BD-49C3-BA4D-65CE5E95CCF6} = {0AB3BF05-4346-4AA6-1389-037BE0695223}
		{D1562A93-83A0-4DF0-A21B-F981B87D59F9} = {1787FE1D-075E-9E68-7218-25F1BD1BBEAB}
	EndGlobalSection
EndGlobal
